<?xml version="1.0" encoding="utf-8"?>
<Project ToolsVersion="4.0" xmlns="http://schemas.microsoft.com/developer/msbuild/2003">
  <ItemGroup>
    <Filter Include="Source Files">
      <UniqueIdentifier>{4FC737F1-C7A5-4376-A066-2A32D752A2FF}</UniqueIdentifier>
      <Extensions>cpp;c;cc;cxx;c++;cppm;ixx;def;odl;idl;hpj;bat;asm;asmx</Extensions>
    </Filter>
    <Filter Include="Header Files">
      <UniqueIdentifier>{93995380-89BD-4b04-88EB-625FBE52EBFB}</UniqueIdentifier>
      <Extensions>h;hh;hpp;hxx;h++;hm;inl;inc;ipp;xsd</Extensions>
    </Filter>
    <Filter Include="Resource Files">
      <UniqueIdentifier>{67DA6AB6-F800-4c08-8B7A-83BB121AAD01}</UniqueIdentifier>
      <Extensions>rc;ico;cur;bmp;dlg;rc2;rct;bin;rgs;gif;jpg;jpeg;jpe;resx;tiff;tif;png;wav;mfcribbon-ms</Extensions>
    </Filter>
    <Filter Include="Header Files\Core">
      <UniqueIdentifier>{b8d3bd48-4fe8-4080-a803-52707b6fc09e}</UniqueIdentifier>
    </Filter>
    <Filter Include="Source Files\Core">
      <UniqueIdentifier>{f5aff096-7f54-4aaa-b748-2937d995450b}</UniqueIdentifier>
    </Filter>
    <Filter Include="Header Files\Collision">
      <UniqueIdentifier>{8babd3e6-dbe3-4fc7-a49c-44e0499734cc}</UniqueIdentifier>
    </Filter>
    <Filter Include="Header Files\RigidBodyPhysics">
      <UniqueIdentifier>{27d350cb-62cd-4235-a7e1-62eb7ebd53ef}</UniqueIdentifier>
    </Filter>
    <Filter Include="Header Files\ParticlePhysics">
      <UniqueIdentifier>{5d5b9a04-b632-4614-8414-8ff74fd86bf1}</UniqueIdentifier>
    </Filter>
    <Filter Include="Source Files\RigidBodyPhysics">
      <UniqueIdentifier>{35eb21b0-2fc4-4289-85b1-015077ea6ae6}</UniqueIdentifier>
    </Filter>
    <Filter Include="Source Files\ParticlePhysics">
      <UniqueIdentifier>{c2a9592f-8f0a-4101-8581-b675e5d41f3a}</UniqueIdentifier>
    </Filter>
    <Filter Include="Source Files\Collision">
      <UniqueIdentifier>{daf10cc5-698b-46c7-b412-42350ceef7af}</UniqueIdentifier>
    </Filter>
    <Filter Include="Header Files\ParticleMesh">
      <UniqueIdentifier>{1aa70bbb-545d-4597-8b7f-bec87747f6db}</UniqueIdentifier>
    </Filter>
    <Filter Include="Header Files\Interfaces">
      <UniqueIdentifier>{7022ec70-1863-4c8a-8abd-87020da1f78d}</UniqueIdentifier>
    </Filter>
    <Filter Include="Source Files\Interfaces">
      <UniqueIdentifier>{52cde102-5ed5-42d9-b616-32e02268d7fd}</UniqueIdentifier>
    </Filter>
    <Filter Include="Header Files\Polyhedron">
      <UniqueIdentifier>{e5aad90b-164c-4750-bd25-a7f3e7990117}</UniqueIdentifier>
    </Filter>
    <Filter Include="Header Files\Primitive">
      <UniqueIdentifier>{49246ebe-a3d8-4983-ab6f-2430c2a94f09}</UniqueIdentifier>
    </Filter>
    <Filter Include="Source Files\Primitive">
      <UniqueIdentifier>{b34efdf8-9ae0-469b-8b55-b69dce2bc33d}</UniqueIdentifier>
    </Filter>
    <Filter Include="Header Files\Joint">
      <UniqueIdentifier>{9dd99029-89c0-4de7-809e-06ff8b7b4ae9}</UniqueIdentifier>
    </Filter>
    <Filter Include="Header Files\Fracture">
      <UniqueIdentifier>{713972cc-8650-433c-a957-7f4373e592ed}</UniqueIdentifier>
    </Filter>
    <Filter Include="Source Files\ParticleMesh">
      <UniqueIdentifier>{b9331864-0fb9-464d-a0f9-2b07e6fbc5b6}</UniqueIdentifier>
    </Filter>
    <Filter Include="Header Files\Camera">
      <UniqueIdentifier>{c4df5a88-896d-4375-a291-d1a520f21bb8}</UniqueIdentifier>
    </Filter>
    <Filter Include="Header Files\OpenGL Utilities">
      <UniqueIdentifier>{e4fa7591-0a94-4b52-aa56-eb5ea051abb8}</UniqueIdentifier>
    </Filter>
    <Filter Include="Header Files\OpenGL Shaders">
      <UniqueIdentifier>{411a34ef-23fd-41d4-aa67-ebd1bfa89859}</UniqueIdentifier>
    </Filter>
    <Filter Include="Source Files\GLSL Shaders">
      <UniqueIdentifier>{747ca941-f6c3-4729-a4c4-0f6692aa8f2d}</UniqueIdentifier>
    </Filter>
    <Filter Include="Source Files\GLSL Shaders\Anisotropic Shader">
      <UniqueIdentifier>{2c1decbb-25f5-41ec-b507-431d733994cf}</UniqueIdentifier>
    </Filter>
    <Filter Include="Source Files\GLSL Shaders\Cook Torrance Shader">
      <UniqueIdentifier>{40fdc51a-8e96-4e98-b8e8-6bf005f744cc}</UniqueIdentifier>
    </Filter>
    <Filter Include="Source Files\GLSL Shaders\Phong Shader">
      <UniqueIdentifier>{ebdc961d-5f51-4643-8407-5b5f1afb6ad2}</UniqueIdentifier>
    </Filter>
    <Filter Include="Source Files\GLSL Shaders\Diffuse Lighting Shader">
      <UniqueIdentifier>{0165be36-aa8c-4bf8-9036-ade57c4340a2}</UniqueIdentifier>
    </Filter>
    <Filter Include="Source Files\GLSL Shaders\Solid Color Shader">
      <UniqueIdentifier>{aa13724f-91d6-464b-b564-b2a1235da54d}</UniqueIdentifier>
    </Filter>
    <Filter Include="Source Files\GLSL Shaders\Reflection Shader">
      <UniqueIdentifier>{55086f89-a10d-4866-a64e-63925a87c9d3}</UniqueIdentifier>
    </Filter>
    <Filter Include="Source Files\GLSL Shaders\Shadow Shader">
      <UniqueIdentifier>{89bc0cf5-ed25-4aa4-8746-6b1c217367b4}</UniqueIdentifier>
    </Filter>
    <Filter Include="Source Files\GLSL Shaders\Simple Shader">
      <UniqueIdentifier>{9010f6b8-c6ff-451b-8f42-ede477e8a8f9}</UniqueIdentifier>
    </Filter>
    <Filter Include="Source Files\OpenGL Graphics">
      <UniqueIdentifier>{528a04ee-a99a-4fac-9ff7-2720c586fe4d}</UniqueIdentifier>
    </Filter>
    <Filter Include="Source Files\GLSL Shaders\Texture Shader">
      <UniqueIdentifier>{a6a5dfe1-0aec-4964-b4f3-94b506591bf5}</UniqueIdentifier>
    </Filter>
    <Filter Include="Source Files\Simulations">
      <UniqueIdentifier>{cdd87a84-6bbd-4319-88df-7a57008b66a2}</UniqueIdentifier>
    </Filter>
    <Filter Include="Header Files\Simulations">
      <UniqueIdentifier>{74eb1b04-fba4-4814-99a5-662e30c1bd61}</UniqueIdentifier>
    </Filter>
    <Filter Include="Source Files\Polyhedron">
      <UniqueIdentifier>{d72b1258-bfa2-4a0f-b0b0-372dc4cb6957}</UniqueIdentifier>
    </Filter>
    <Filter Include="Source Files\GLSL Shaders\Skybox Shader">
      <UniqueIdentifier>{dc65b283-ab1e-4a96-a8ae-daddc63bf1c2}</UniqueIdentifier>
    </Filter>
  </ItemGroup>
  <ItemGroup>
    <ClCompile Include="physicsGameEngine.cpp">
      <Filter>Source Files</Filter>
    </ClCompile>
    <ClCompile Include="vector3D.cpp">
      <Filter>Source Files\Core</Filter>
    </ClCompile>
    <ClCompile Include="anchoredSpringForce.cpp">
      <Filter>Source Files\ParticlePhysics</Filter>
    </ClCompile>
    <ClCompile Include="boundingSphere.cpp">
      <Filter>Source Files\Collision</Filter>
    </ClCompile>
    <ClCompile Include="drawingUtil.cpp">
      <Filter>Source Files\OpenGL Graphics</Filter>
    </ClCompile>
    <ClCompile Include="particle.cpp">
      <Filter>Source Files\ParticlePhysics</Filter>
    </ClCompile>
    <ClCompile Include="particleBungeeForce.cpp">
      <Filter>Source Files\ParticlePhysics</Filter>
    </ClCompile>
    <ClCompile Include="particleBuoyancy.cpp">
      <Filter>Source Files\ParticlePhysics</Filter>
    </ClCompile>
    <ClCompile Include="particleWorld.cpp">
      <Filter>Source Files\ParticlePhysics</Filter>
    </ClCompile>
    <ClCompile Include="particleSpringForce.cpp">
      <Filter>Source Files\ParticlePhysics</Filter>
    </ClCompile>
    <ClCompile Include="particleRod.cpp">
      <Filter>Source Files\ParticlePhysics</Filter>
    </ClCompile>
    <ClCompile Include="particleLink.cpp">
      <Filter>Source Files\ParticlePhysics</Filter>
    </ClCompile>
    <ClCompile Include="particleGravity.cpp">
      <Filter>Source Files\ParticlePhysics</Filter>
    </ClCompile>
    <ClCompile Include="particleForceRegistry.cpp">
      <Filter>Source Files\ParticlePhysics</Filter>
    </ClCompile>
    <ClCompile Include="particleDrag.cpp">
      <Filter>Source Files\ParticlePhysics</Filter>
    </ClCompile>
    <ClCompile Include="particleContact.cpp">
      <Filter>Source Files\ParticlePhysics</Filter>
    </ClCompile>
    <ClCompile Include="particleCable.cpp">
      <Filter>Source Files\ParticlePhysics</Filter>
    </ClCompile>
    <ClCompile Include="rigidBody.cpp">
      <Filter>Source Files\RigidBodyPhysics</Filter>
    </ClCompile>
    <ClCompile Include="rigidBodyCableForce.cpp">
      <Filter>Source Files\RigidBodyPhysics</Filter>
    </ClCompile>
    <ClCompile Include="rigidBodyGravity.cpp">
      <Filter>Source Files\RigidBodyPhysics</Filter>
    </ClCompile>
    <ClCompile Include="rigidBodySpringForce.cpp">
      <Filter>Source Files\RigidBodyPhysics</Filter>
    </ClCompile>
    <ClCompile Include="rigidBodyWorld.cpp">
      <Filter>Source Files\RigidBodyPhysics</Filter>
    </ClCompile>
    <ClCompile Include="sat.cpp">
      <Filter>Source Files\Collision</Filter>
    </ClCompile>
    <ClCompile Include="shaderInterface.cpp">
      <Filter>Source Files\Interfaces</Filter>
    </ClCompile>
    <ClCompile Include="contact.cpp">
      <Filter>Source Files\Collision</Filter>
    </ClCompile>
    <ClCompile Include="collisionResolver.cpp">
      <Filter>Source Files\Collision</Filter>
    </ClCompile>
    <ClCompile Include="face.cpp">
      <Filter>Source Files\Primitive</Filter>
    </ClCompile>
    <ClCompile Include="particleContactResolver.h">
      <Filter>Header Files\ParticlePhysics</Filter>
    </ClCompile>
    <ClCompile Include="rigidBodyBungeeForce.cpp">
      <Filter>Source Files\RigidBodyPhysics</Filter>
    </ClCompile>
    <ClCompile Include="util.cpp">
      <Filter>Source Files\Core</Filter>
    </ClCompile>
    <ClCompile Include="cloth.cpp">
      <Filter>Source Files\ParticleMesh</Filter>
    </ClCompile>
    <ClCompile Include="particleSpringDamper.cpp">
      <Filter>Source Files\ParticlePhysics</Filter>
    </ClCompile>
    <ClCompile Include="openglUtility.cpp">
      <Filter>Source Files\OpenGL Graphics</Filter>
    </ClCompile>
    <ClCompile Include="wreckingBall.cpp">
      <Filter>Source Files\Simulations</Filter>
    </ClCompile>
    <ClCompile Include="staircase.cpp">
      <Filter>Source Files\Simulations</Filter>
    </ClCompile>
    <ClCompile Include="ballPit.cpp">
      <Filter>Source Files\Simulations</Filter>
    </ClCompile>
    <ClCompile Include="flag.cpp">
      <Filter>Source Files\Simulations</Filter>
    </ClCompile>
    <ClCompile Include="ragdoll.cpp">
      <Filter>Source Files\Simulations</Filter>
    </ClCompile>
    <ClCompile Include="reflection.cpp">
      <Filter>Source Files\Simulations</Filter>
    </ClCompile>
    <ClCompile Include="videoGameLevel.cpp">
      <Filter>Source Files\Simulations</Filter>
    </ClCompile>
    <ClCompile Include="fineCollisionDetection.cpp">
      <Filter>Source Files\Collision</Filter>
    </ClCompile>
    <ClCompile Include="particleCollisionDetection.cpp">
      <Filter>Source Files\Collision</Filter>
    </ClCompile>
    <ClCompile Include="gjk.cpp">
      <Filter>Source Files\Collision</Filter>
    </ClCompile>
    <ClCompile Include="customPrimitive.cpp">
      <Filter>Source Files\Polyhedron</Filter>
    </ClCompile>
    <ClCompile Include="polyhedron.cpp">
      <Filter>Source Files\Polyhedron</Filter>
    </ClCompile>
    <ClCompile Include="mirrors.cpp">
      <Filter>Source Files\Simulations</Filter>
    </ClCompile>
    <ClCompile Include="clothCollision.cpp">
      <Filter>Source Files\Simulations</Filter>
    </ClCompile>
    <ClCompile Include="curvedFace.cpp">
      <Filter>Source Files\Primitive</Filter>
    </ClCompile>
    <ClCompile Include="quaternion.cpp">
      <Filter>Source Files\Core</Filter>
    </ClCompile>
  </ItemGroup>
  <ItemGroup>
    <ClInclude Include="accuracy.h">
      <Filter>Header Files\Core</Filter>
    </ClInclude>
    <ClInclude Include="matrix3x3.h">
      <Filter>Header Files\Core</Filter>
    </ClInclude>
    <ClInclude Include="matrix3x4.h">
      <Filter>Header Files\Core</Filter>
    </ClInclude>
    <ClInclude Include="vector3D.h">
      <Filter>Header Files\Core</Filter>
    </ClInclude>
    <ClInclude Include="anchoredSpringForce.h">
      <Filter>Header Files\ParticlePhysics</Filter>
    </ClInclude>
    <ClInclude Include="boundingSphere.h">
      <Filter>Header Files\Collision</Filter>
    </ClInclude>
    <ClInclude Include="boundingVolumeHierarchy.h">
      <Filter>Header Files\Collision</Filter>
    </ClInclude>
    <ClInclude Include="BVHNode.h">
      <Filter>Header Files\Collision</Filter>
    </ClInclude>
    <ClInclude Include="drawingUtil.h">
      <Filter>Header Files\OpenGL Utilities</Filter>
    </ClInclude>
    <ClInclude Include="particle.h">
      <Filter>Header Files\ParticlePhysics</Filter>
    </ClInclude>
    <ClInclude Include="particleBungeeForce.h">
      <Filter>Header Files\ParticlePhysics</Filter>
    </ClInclude>
    <ClInclude Include="particleBuoyancy.h">
      <Filter>Header Files\ParticlePhysics</Filter>
    </ClInclude>
    <ClInclude Include="particleCable.h">
      <Filter>Header Files\ParticlePhysics</Filter>
    </ClInclude>
    <ClInclude Include="particleWorld.h">
      <Filter>Header Files\ParticlePhysics</Filter>
    </ClInclude>
    <ClInclude Include="particleSpringForce.h">
      <Filter>Header Files\ParticlePhysics</Filter>
    </ClInclude>
    <ClInclude Include="particleRod.h">
      <Filter>Header Files\ParticlePhysics</Filter>
    </ClInclude>
    <ClInclude Include="particleLink.h">
      <Filter>Header Files\ParticlePhysics</Filter>
    </ClInclude>
    <ClInclude Include="particleGravity.h">
      <Filter>Header Files\ParticlePhysics</Filter>
    </ClInclude>
    <ClInclude Include="particleForceRegistry.h">
      <Filter>Header Files\ParticlePhysics</Filter>
    </ClInclude>
    <ClInclude Include="particleForceGenerator.h">
      <Filter>Header Files\ParticlePhysics</Filter>
    </ClInclude>
    <ClInclude Include="particleDrag.h">
      <Filter>Header Files\ParticlePhysics</Filter>
    </ClInclude>
    <ClInclude Include="rigidBody.h">
      <Filter>Header Files\RigidBodyPhysics</Filter>
    </ClInclude>
    <ClInclude Include="quaternion.h">
      <Filter>Header Files\Core</Filter>
    </ClInclude>
    <ClInclude Include="rigidBodyCableForce.h">
      <Filter>Header Files\RigidBodyPhysics</Filter>
    </ClInclude>
    <ClInclude Include="rigidBodyForceGenerator.h">
      <Filter>Header Files\RigidBodyPhysics</Filter>
    </ClInclude>
    <ClInclude Include="rigidBodyGravity.h">
      <Filter>Header Files\RigidBodyPhysics</Filter>
    </ClInclude>
    <ClInclude Include="rigidBodySpringForce.h">
      <Filter>Header Files\RigidBodyPhysics</Filter>
    </ClInclude>
    <ClInclude Include="rigidBodyWorld.h">
      <Filter>Header Files\RigidBodyPhysics</Filter>
    </ClInclude>
    <ClInclude Include="sat.h">
      <Filter>Header Files\Collision</Filter>
    </ClInclude>
    <ClInclude Include="shaderProgram.h">
      <Filter>Header Files\OpenGL Utilities</Filter>
    </ClInclude>
    <ClInclude Include="cloth.h">
      <Filter>Header Files\ParticleMesh</Filter>
    </ClInclude>
    <ClInclude Include="vector3DAdapter.h">
      <Filter>Header Files\ParticlePhysics</Filter>
    </ClInclude>
    <ClInclude Include="shaderInterface.h">
      <Filter>Header Files\Interfaces</Filter>
    </ClInclude>
    <ClInclude Include="contact.h">
      <Filter>Header Files\Collision</Filter>
    </ClInclude>
    <ClInclude Include="collisionResolver.h">
      <Filter>Header Files\Collision</Filter>
    </ClInclude>
    <ClInclude Include="vector2D.h">
      <Filter>Header Files\Core</Filter>
    </ClInclude>
    <ClInclude Include="particleDistanceConstraint.h">
      <Filter>Header Files\ParticleMesh</Filter>
    </ClInclude>
    <ClInclude Include="particleAngleConstraint.h">
      <Filter>Header Files\ParticleMesh</Filter>
    </ClInclude>
    <ClInclude Include="cone.h">
      <Filter>Header Files\Polyhedron</Filter>
    </ClInclude>
    <ClInclude Include="cylinder.h">
      <Filter>Header Files\Polyhedron</Filter>
    </ClInclude>
    <ClInclude Include="polyhedron.h">
      <Filter>Header Files\Polyhedron</Filter>
    </ClInclude>
    <ClInclude Include="pyramid.h">
      <Filter>Header Files\Polyhedron</Filter>
    </ClInclude>
    <ClInclude Include="rectangularPrism.h">
      <Filter>Header Files\Polyhedron</Filter>
    </ClInclude>
    <ClInclude Include="solidSphere.h">
      <Filter>Header Files\Polyhedron</Filter>
    </ClInclude>
    <ClInclude Include="openglUtility.h">
      <Filter>Header Files\OpenGL Utilities</Filter>
    </ClInclude>
    <ClInclude Include="curvedFace.h">
      <Filter>Header Files\Primitive</Filter>
    </ClInclude>
    <ClInclude Include="edge.h">
      <Filter>Header Files\Primitive</Filter>
    </ClInclude>
    <ClInclude Include="face.h">
      <Filter>Header Files\Primitive</Filter>
    </ClInclude>
    <ClInclude Include="particleContactGenerator.h">
      <Filter>Header Files\ParticlePhysics</Filter>
    </ClInclude>
    <ClInclude Include="particleContact.h">
      <Filter>Header Files\ParticlePhysics</Filter>
    </ClInclude>
    <ClInclude Include="joint.h">
      <Filter>Header Files\Joint</Filter>
    </ClInclude>
    <ClInclude Include="fixedJoint.h">
      <Filter>Header Files\Joint</Filter>
    </ClInclude>
    <ClInclude Include="springJoint.h">
      <Filter>Header Files\Joint</Filter>
    </ClInclude>
    <ClInclude Include="ballJoint.h">
      <Filter>Header Files\Joint</Filter>
    </ClInclude>
    <ClInclude Include="sphericalJoint.h">
      <Filter>Header Files\Joint</Filter>
    </ClInclude>
    <ClInclude Include="rigidBodyBungeeForce.h">
      <Filter>Header Files\RigidBodyPhysics</Filter>
    </ClInclude>
    <ClInclude Include="fineCollisionDetection.h">
      <Filter>Header Files\Collision</Filter>
    </ClInclude>
    <ClInclude Include="breakable.h">
      <Filter>Header Files\Fracture</Filter>
    </ClInclude>
    <ClInclude Include="gjk.h">
      <Filter>Header Files\Collision</Filter>
    </ClInclude>
    <ClInclude Include="customPrimitive.h">
      <Filter>Header Files\Polyhedron</Filter>
    </ClInclude>
    <ClInclude Include="collisionBox.h">
      <Filter>Header Files\Collision</Filter>
    </ClInclude>
    <ClInclude Include="util.h">
      <Filter>Header Files\Core</Filter>
    </ClInclude>
    <ClInclude Include="particleSpringDamper.h">
      <Filter>Header Files\ParticlePhysics</Filter>
    </ClInclude>
    <ClInclude Include="camera.h">
      <Filter>Header Files\Camera</Filter>
    </ClInclude>
    <ClInclude Include="freeMovingCamera.h">
      <Filter>Header Files\Camera</Filter>
    </ClInclude>
    <ClInclude Include="rotatingCamera.h">
      <Filter>Header Files\Camera</Filter>
    </ClInclude>
    <ClInclude Include="particleCollisionDetection.h">
      <Filter>Header Files\Collision</Filter>
    </ClInclude>
    <ClInclude Include="mesh.h">
      <Filter>Header Files\ParticleMesh</Filter>
    </ClInclude>
    <ClInclude Include="anisotropicShader.frag.glsl">
      <Filter>Source Files\GLSL Shaders\Anisotropic Shader</Filter>
    </ClInclude>
    <ClInclude Include="anisotropicTextureShader.vert.glsl">
      <Filter>Source Files\GLSL Shaders\Anisotropic Shader</Filter>
    </ClInclude>
    <ClInclude Include="anisotropicTextureShader.frag.glsl">
      <Filter>Source Files\GLSL Shaders\Anisotropic Shader</Filter>
    </ClInclude>
    <ClInclude Include="cookTorranceShader.vert.glsl">
      <Filter>Source Files\GLSL Shaders\Cook Torrance Shader</Filter>
    </ClInclude>
    <ClInclude Include="cookTorranceShader.frag.glsl">
      <Filter>Source Files\GLSL Shaders\Cook Torrance Shader</Filter>
    </ClInclude>
    <ClInclude Include="cookTorranceTextureShader.vert.glsl">
      <Filter>Source Files\GLSL Shaders\Cook Torrance Shader</Filter>
    </ClInclude>
    <ClInclude Include="cookTorranceTextureShader.frag.glsl">
      <Filter>Source Files\GLSL Shaders\Cook Torrance Shader</Filter>
    </ClInclude>
    <ClInclude Include="phongShader.vert.glsl">
      <Filter>Source Files\GLSL Shaders\Phong Shader</Filter>
    </ClInclude>
    <ClInclude Include="phongShader.frag.glsl">
      <Filter>Source Files\GLSL Shaders\Phong Shader</Filter>
    </ClInclude>
    <ClInclude Include="diffuseTextureShader.vert.glsl">
      <Filter>Source Files\GLSL Shaders\Diffuse Lighting Shader</Filter>
    </ClInclude>
    <ClInclude Include="anisotropicShader.h">
      <Filter>Header Files\OpenGL Shaders</Filter>
    </ClInclude>
    <ClInclude Include="anisotropicTextureShader.h">
      <Filter>Header Files\OpenGL Shaders</Filter>
    </ClInclude>
    <ClInclude Include="cookTorranceReflectionShader.h">
      <Filter>Header Files\OpenGL Shaders</Filter>
    </ClInclude>
    <ClInclude Include="cookTorranceSkyboxReflectionShader.h">
      <Filter>Header Files\OpenGL Shaders</Filter>
    </ClInclude>
    <ClInclude Include="cookTorranceShader.h">
      <Filter>Header Files\OpenGL Shaders</Filter>
    </ClInclude>
    <ClInclude Include="cookTorranceTextureShader.h">
      <Filter>Header Files\OpenGL Shaders</Filter>
    </ClInclude>
    <ClInclude Include="diffuseLightingShader.h">
      <Filter>Header Files\OpenGL Shaders</Filter>
    </ClInclude>
    <ClInclude Include="diffuseTextureShader.h">
      <Filter>Header Files\OpenGL Shaders</Filter>
    </ClInclude>
    <ClInclude Include="phongShader.h">
      <Filter>Header Files\OpenGL Shaders</Filter>
    </ClInclude>
    <ClInclude Include="shader.h">
      <Filter>Header Files\OpenGL Shaders</Filter>
    </ClInclude>
    <ClInclude Include="shadowMappingShader.h">
      <Filter>Header Files\OpenGL Shaders</Filter>
    </ClInclude>
    <ClInclude Include="simpleShader.h">
      <Filter>Header Files\OpenGL Shaders</Filter>
    </ClInclude>
    <ClInclude Include="skyboxShader.h">
      <Filter>Header Files\OpenGL Shaders</Filter>
    </ClInclude>
    <ClInclude Include="solidColorShader.h">
      <Filter>Header Files\OpenGL Shaders</Filter>
    </ClInclude>
    <ClInclude Include="environmentMapper.h">
      <Filter>Header Files\OpenGL Utilities</Filter>
    </ClInclude>
    <ClInclude Include="depthMapper.h">
      <Filter>Header Files\OpenGL Utilities</Filter>
    </ClInclude>
    <ClInclude Include="glfwWindowWrapper.h">
      <Filter>Header Files\OpenGL Utilities</Filter>
    </ClInclude>
    <ClInclude Include="firstPersonCamera.h">
      <Filter>Header Files\Camera</Filter>
    </ClInclude>
    <ClInclude Include="directionalProjection.h">
      <Filter>Header Files\Camera</Filter>
    </ClInclude>
    <ClInclude Include="pointProjection.h">
      <Filter>Header Files\Camera</Filter>
    </ClInclude>
    <ClInclude Include="textureShader.h">
      <Filter>Header Files\OpenGL Shaders</Filter>
    </ClInclude>
    <ClInclude Include="advancedDiffuseTextureShader.h">
      <Filter>Header Files\OpenGL Shaders</Filter>
    </ClInclude>
    <ClInclude Include="shadowMappingTextureShader.h">
      <Filter>Header Files\OpenGL Shaders</Filter>
    </ClInclude>
    <ClInclude Include="ShadowMappingTextureShader.frag.glsl">
      <Filter>Source Files\GLSL Shaders\Shadow Shader</Filter>
    </ClInclude>
    <ClInclude Include="simulations.h">
      <Filter>Header Files\Simulations</Filter>
    </ClInclude>
  </ItemGroup>
  <ItemGroup>
    <Text Include="todo.txt" />
  </ItemGroup>
  <ItemGroup>
    <None Include="anisotropicShader.vert.glsl">
      <Filter>Source Files\GLSL Shaders\Anisotropic Shader</Filter>
    </None>
    <None Include="diffuseLightingShader.vert.glsl">
      <Filter>Source Files\GLSL Shaders\Diffuse Lighting Shader</Filter>
    </None>
    <None Include="diffuseLightingShader.frag.glsl">
      <Filter>Source Files\GLSL Shaders\Diffuse Lighting Shader</Filter>
    </None>
    <None Include="diffuseTextureShader.frag.glsl">
      <Filter>Source Files\GLSL Shaders\Diffuse Lighting Shader</Filter>
    </None>
    <None Include="solidColorShader.vert.glsl">
      <Filter>Source Files\GLSL Shaders\Solid Color Shader</Filter>
    </None>
    <None Include="solidColorShader.frag.glsl">
      <Filter>Source Files\GLSL Shaders\Solid Color Shader</Filter>
    </None>
    <None Include="skyboxShader.frag.glsl">
      <Filter>Source Files\GLSL Shaders\Skybox Shader</Filter>
    </None>
    <None Include="skyboxShader.vert.glsl">
      <Filter>Source Files\GLSL Shaders\Skybox Shader</Filter>
    </None>
    <None Include="cookTorranceReflectionShader.frag.glsl">
      <Filter>Source Files\GLSL Shaders\Reflection Shader</Filter>
    </None>
    <None Include="cookTorranceReflectionShader.vert.glsl">
      <Filter>Source Files\GLSL Shaders\Reflection Shader</Filter>
    </None>
    <None Include="cookTorranceSkyboxReflectionShader.frag.glsl">
      <Filter>Source Files\GLSL Shaders\Reflection Shader</Filter>
    </None>
    <None Include="shadowMappingShader.frag.glsl">
      <Filter>Source Files\GLSL Shaders\Shadow Shader</Filter>
    </None>
    <None Include="simpleShader.vert.glsl">
      <Filter>Source Files\GLSL Shaders\Simple Shader</Filter>
    </None>
    <None Include="simpleShader.frag.glsl">
      <Filter>Source Files\GLSL Shaders\Simple Shader</Filter>
    </None>
    <None Include="shadowMappingShader.vert.glsl">
      <Filter>Source Files\GLSL Shaders\Shadow Shader</Filter>
    </None>
    <None Include="textureShader.vert.glsl">
      <Filter>Source Files\GLSL Shaders\Texture Shader</Filter>
    </None>
    <None Include="textureShader.frag.glsl">
      <Filter>Source Files\GLSL Shaders\Texture Shader</Filter>
    </None>
    <None Include="advancedDiffuseTextureShader.frag.glsl">
      <Filter>Source Files\GLSL Shaders\Diffuse Lighting Shader</Filter>
    </None>
    <None Include="shadowMappingTextureShader.vert.glsl">
      <Filter>Source Files\GLSL Shaders\Shadow Shader</Filter>
    </None>
  </ItemGroup>
</Project>